github.com/PuerkitoBio/goquery v1.13.0 h1:mqHbjD7Jmnul4DTR24LKTjo1uUmHUh072kteGV+xpFM=
github.com/PuerkitoBio/goquery v1.13.0/go.mod h1:Hip5mdBL8K2wEGKJdr27sRaNwIdDajmCwB/ExUPwW+g=
github.com/andybalholm/cascadia v1.3.5 h1:RLjq12WJy58dN6eCIQrz0bAGZkztHWsEPFxP53Y7Ms8=
github.com/andybalholm/cascadia v1.3.5/go.mod h1:BLRmbRjpEtNKieZOCCvYj4RqN+KRA41GBe/5O+G93kM=
github.com/bobesa/go-domain-util v0.0.0-20250410211237-17ab3b2f4a95 h1:0WSjlQwXgXlSyYzp4mAdOL3C5ILAfT0a8t8ij2XCQOU=
github.com/bobesa/go-domain-util v0.0.0-20250410211237-17ab3b2f4a95/go.mod h1:FUmdcDLUykArJXPzy1eFy5pCleutTTm0avma+9HDd2Q=
github.com/chromedp/cdproto v0.157.8 h1:Tkq0AjsUlC3Z4sJfHBzV/uAAxnTF/AZyuSTjfV/1gvk=
github.com/chromedp/cdproto v0.157.8/go.mod h1:h68JaIuFr9o3yiayxEYhBdvaxgYO3shDrPSYhNlyfu0=
github.com/chromedp/chromedp v0.20.1 h1:983T9wmyM09JtROWlxhLQwljKOQovqt8CVE89W3U0NA=
github.com/chromedp/chromedp v0.20.1/go.mod h1:6z1Y5FdKUxRzxx2qcC5h1xjaBJrSWrZp1mjgITfNZig=
github.com/dlclark/regexp2/v2 v2.8.0 h1:CekDhPLGfm+GAJmPVFIG+5dqMIQPkyHJll7BbdneDfw=
github.com/dlclark/regexp2/v2 v2.8.0/go.mod h1:avUrQvPaLz2DrFNHJF0taWAFFX2C1GMSSoeiqFjcBmU=
github.com/go-json-experiment/json v0.0.0-20260213210345-44df1a37e875 h1:XGPtjxqp0FS8jj1Z7QGcSOSgyq1fUPjNyJXvi3KfI4A=
github.com/go-json-experiment/json v0.0.0-20260213210345-44df1a37e875/go.mod h1:uNVvRXArCGbZ508SxYYTC5v1JWoz2voff5pm25jU1Ok=
golang.org/x/net v0.0.0-20180811021610-c39426892332/go.mod h1:mL1N/T3taQHkDXs73rZJwtUhF3w3ftmwwsq0BUmARs4=
golang.org/x/net v0.59.0 h1:5zfYln+w5XCxwrnMMJPufRgNoXEaGxl0wo5GqPXyues=
golang.org/x/net v0.59.0/go.mod h1:2DA/G1UfVbCpQPeWTmMPGY7Cs2PkBkwu743bVX5PIVg=
golang.org/x/text v0.3.0/go.mod h1:NqM8EUOU14njkJ3fqMW+pc6Ldnwhi/IjpwHt7yyuwOQ=
golang.org/x/text v0.42.0 h1:JbOZXgfeCPU9gacVtYliJqOhD+zhrEqK4LfdpmlUZqI=
golang.org/x/text v0.42.0/go.mod h1:ojzP1Z+2QtioaF8DTtO8K5q7JWVVYwZKenzujK0Zd0E=
